
Microsoft Visual Studio Solution File, Format Version 12.00
# Visual Studio Version 17
VisualStudioVersion = 17.7.34221.43
MinimumVisualStudioVersion = 10.0.40219.1
Project("{FAE04EC0-301F-11D3-BF4B-00C04F79EFBC}") = "EnrollmentSystemProject", "EnrollmentSystemProject.csproj", "{C4D443CD-F0A1-4312-B1F3-3496A9C7F095}"
EndProject
Project("{54435603-DBB4-11D2-8724-00A0C9A8B90C}") = "EnrollmentSetup", "..\EnrollmentSetup\EnrollmentSetup.vdproj", "{C961E18D-EEDE-4C82-A6C5-404128139C43}"
EndProject
Global
	GlobalSection(SolutionConfigurationPlatforms) = preSolution
		Debug|Any CPU = Debug|Any CPU
		Release|Any CPU = Release|Any CPU
	EndGlobalSection
	GlobalSection(ProjectConfigurationPlatforms) = postSolution
		{C4D443CD-F0A1-4312-B1F3-3496A9C7F095}.Debug|Any CPU.ActiveCfg = Debug|Any CPU
		{C4D443CD-F0A1-4312-B1F3-3496A9C7F095}.Debug|Any CPU.Build.0 = Debug|Any CPU
		{C4D443CD-F0A1-4312-B1F3-3496A9C7F095}.Release|Any CPU.ActiveCfg = Release|Any CPU
		{C4D443CD-F0A1-4312-B1F3-3496A9C7F095}.Release|Any CPU.Build.0 = Release|Any CPU
		{C961E18D-EEDE-4C82-A6C5-404128139C43}.Debug|Any CPU.ActiveCfg = Debug
		{C961E18D-EEDE-4C82-A6C5-404128139C43}.Release|Any CPU.ActiveCfg = Release
	EndGlobalSection
	GlobalSection(SolutionProperties) = preSolution
		HideSolutionNode = FALSE
	EndGlobalSection
	GlobalSection(ExtensibilityGlobals) = postSolution
		SolutionGuid = {3B0DEA5E-399A-488E-9D6E-D908A73ACAF3}
	EndGlobalSection
EndGlobal
